
Microsoft Visual Studio Solution File, Format Version 12.00
# Visual Studio Version 16
VisualStudioVersion = 16.0.31229.75
MinimumVisualStudioVersion = 10.0.40219.1
Project("{9A19103F-16F7-4668-BE54-9A1E7A4F7556}") = "SmartEnergyUsers", "SmartEnergyUsers\SmartEnergyUsers.csproj", "{1B09CC47-73B9-4357-BB88-A5B6470DA1CD}"
EndProject
Project("{9A19103F-16F7-4668-BE54-9A1E7A4F7556}") = "SmartEnergyContracts", "SmartEnergyContracts\SmartEnergyContracts.csproj", "{6FBC7BD2-350A-4735-8149-9CDEF7C65246}"
EndProject
Project("{E53339B2-1760-4266-BCC7-CA923CBCF16C}") = "docker-compose", "docker-compose.dcproj", "{C976C0A3-2FC0-4EE4-9F67-BC463FACD671}"
EndProject
Project("{9A19103F-16F7-4668-BE54-9A1E7A4F7556}") = "SmartEnergyPhysical", "SmartEnergyPhysical\SmartEnergyPhysical.csproj", "{103C765C-9550-43D9-A112-42D2458F02D3}"
EndProject
Project("{9A19103F-16F7-4668-BE54-9A1E7A4F7556}") = "SmartEnergyDocuments", "SmartEnergyDocuments\SmartEnergyDocuments.csproj", "{06926F23-2FDC-46A1-86F1-A44EB5840870}"
EndProject
Project("{2150E333-8FDC-42A3-9474-1A3956D46DE8}") = "components", "components", "{958F7A1A-B754-4465-BF7C-7A14EFEECB14}"
	ProjectSection(SolutionItems) = preProject
		pubsub.yaml = pubsub.yaml
	EndProjectSection
EndProject
Global
	GlobalSection(SolutionConfigurationPlatforms) = preSolution
		Debug|Any CPU = Debug|Any CPU
		Release|Any CPU = Release|Any CPU
	EndGlobalSection
	GlobalSection(ProjectConfigurationPlatforms) = postSolution
		{1B09CC47-73B9-4357-BB88-A5B6470DA1CD}.Debug|Any CPU.ActiveCfg = Debug|Any CPU
		{1B09CC47-73B9-4357-BB88-A5B6470DA1CD}.Debug|Any CPU.Build.0 = Debug|Any CPU
		{1B09CC47-73B9-4357-BB88-A5B6470DA1CD}.Release|Any CPU.ActiveCfg = Release|Any CPU
		{1B09CC47-73B9-4357-BB88-A5B6470DA1CD}.Release|Any CPU.Build.0 = Release|Any CPU
		{6FBC7BD2-350A-4735-8149-9CDEF7C65246}.Debug|Any CPU.ActiveCfg = Debug|Any CPU
		{6FBC7BD2-350A-4735-8149-9CDEF7C65246}.Debug|Any CPU.Build.0 = Debug|Any CPU
		{6FBC7BD2-350A-4735-8149-9CDEF7C65246}.Release|Any CPU.ActiveCfg = Release|Any CPU
		{6FBC7BD2-350A-4735-8149-9CDEF7C65246}.Release|Any CPU.Build.0 = Release|Any CPU
		{C976C0A3-2FC0-4EE4-9F67-BC463FACD671}.Debug|Any CPU.ActiveCfg = Debug|Any CPU
		{C976C0A3-2FC0-4EE4-9F67-BC463FACD671}.Debug|Any CPU.Build.0 = Debug|Any CPU
		{C976C0A3-2FC0-4EE4-9F67-BC463FACD671}.Release|Any CPU.ActiveCfg = Release|Any CPU
		{C976C0A3-2FC0-4EE4-9F67-BC463FACD671}.Release|Any CPU.Build.0 = Release|Any CPU
		{103C765C-9550-43D9-A112-42D2458F02D3}.Debug|Any CPU.ActiveCfg = Debug|Any CPU
		{103C765C-9550-43D9-A112-42D2458F02D3}.Debug|Any CPU.Build.0 = Debug|Any CPU
		{103C765C-9550-43D9-A112-42D2458F02D3}.Release|Any CPU.ActiveCfg = Release|Any CPU
		{103C765C-9550-43D9-A112-42D2458F02D3}.Release|Any CPU.Build.0 = Release|Any CPU
		{06926F23-2FDC-46A1-86F1-A44EB5840870}.Debug|Any CPU.ActiveCfg = Debug|Any CPU
		{06926F23-2FDC-46A1-86F1-A44EB5840870}.Debug|Any CPU.Build.0 = Debug|Any CPU
		{06926F23-2FDC-46A1-86F1-A44EB5840870}.Release|Any CPU.ActiveCfg = Release|Any CPU
		{06926F23-2FDC-46A1-86F1-A44EB5840870}.Release|Any CPU.Build.0 = Release|Any CPU
	EndGlobalSection
	GlobalSection(SolutionProperties) = preSolution
		HideSolutionNode = FALSE
	EndGlobalSection
	GlobalSection(ExtensibilityGlobals) = postSolution
		SolutionGuid = {AECA7A70-66C4-4DB5-924E-157B6DF7D153}
	EndGlobalSection
EndGlobal
